
Microsoft Visual Studio Solution File, Format Version 12.00
# Visual Studio Version 16
VisualStudioVersion = 16.0.30406.217
MinimumVisualStudioVersion = 10.0.40219.1
Project("{9A19103F-16F7-4668-BE54-9A1E7A4F7556}") = "Home.Shapes", "Home.Shapes\Home.Shapes.csproj", "{57728836-96A9-4FF8-A5A9-FA1C07596BC9}"
EndProject
Project("{9A19103F-16F7-4668-BE54-9A1E7A4F7556}") = "Home.Shapes.App", "Home.Shapes.App\Home.Shapes.App.csproj", "{A14E586D-6910-41DE-AE10-C619E6CC9AA2}"
EndProject
Project("{FAE04EC0-301F-11D3-BF4B-00C04F79EFBC}") = "Home.Shapes.Test", "Home.Shapes.Test\Home.Shapes.Test.csproj", "{8EC94EEE-F0A1-4F75-8655-2E1CA2BB5C0F}"
EndProject
Project("{2150E333-8FDC-42A3-9474-1A3956D46DE8}") = "Solution Items", "Solution Items", "{10EBCC4E-2FEE-4C2C-91C4-877AE652B0D3}"
	ProjectSection(SolutionItems) = preProject
		SQLQuestion.txt = SQLQuestion.txt
	EndProjectSection
EndProject
Global
	GlobalSection(SolutionConfigurationPlatforms) = preSolution
		Debug|Any CPU = Debug|Any CPU
		Release|Any CPU = Release|Any CPU
	EndGlobalSection
	GlobalSection(ProjectConfigurationPlatforms) = postSolution
		{57728836-96A9-4FF8-A5A9-FA1C07596BC9}.Debug|Any CPU.ActiveCfg = Debug|Any CPU
		{57728836-96A9-4FF8-A5A9-FA1C07596BC9}.Debug|Any CPU.Build.0 = Debug|Any CPU
		{57728836-96A9-4FF8-A5A9-FA1C07596BC9}.Release|Any CPU.ActiveCfg = Release|Any CPU
		{57728836-96A9-4FF8-A5A9-FA1C07596BC9}.Release|Any CPU.Build.0 = Release|Any CPU
		{A14E586D-6910-41DE-AE10-C619E6CC9AA2}.Debug|Any CPU.ActiveCfg = Debug|Any CPU
		{A14E586D-6910-41DE-AE10-C619E6CC9AA2}.Debug|Any CPU.Build.0 = Debug|Any CPU
		{A14E586D-6910-41DE-AE10-C619E6CC9AA2}.Release|Any CPU.ActiveCfg = Release|Any CPU
		{A14E586D-6910-41DE-AE10-C619E6CC9AA2}.Release|Any CPU.Build.0 = Release|Any CPU
		{8EC94EEE-F0A1-4F75-8655-2E1CA2BB5C0F}.Debug|Any CPU.ActiveCfg = Debug|Any CPU
		{8EC94EEE-F0A1-4F75-8655-2E1CA2BB5C0F}.Debug|Any CPU.Build.0 = Debug|Any CPU
		{8EC94EEE-F0A1-4F75-8655-2E1CA2BB5C0F}.Release|Any CPU.ActiveCfg = Release|Any CPU
		{8EC94EEE-F0A1-4F75-8655-2E1CA2BB5C0F}.Release|Any CPU.Build.0 = Release|Any CPU
	EndGlobalSection
	GlobalSection(SolutionProperties) = preSolution
		HideSolutionNode = FALSE
	EndGlobalSection
	GlobalSection(ExtensibilityGlobals) = postSolution
		SolutionGuid = {357B0FEB-88AF-44F0-82E0-CB275CE341FA}
	EndGlobalSection
EndGlobal
